{
  "name": "enhanced-student-logs",
  "version": "1.0.0",
  "lockfileVersion": 3,
  "requires": true,
  "packages": {
    "": {
      "name": "enhanced-student-logs",
      "version": "1.0.0",
      "dependencies": {
        "components": "^0.1.0"
      }
    },
    "node_modules/components": {
      "version": "0.1.0",
      "resolved": "https://registry.npmjs.org/components/-/components-0.1.0.tgz",
      "integrity": "sha512-4xKUO3dL9LBs8WiOKy2kvLfnwKZLps9xDT5cFS0GL4UiXrr/dNUYus7Uf1bRPG66cUpEmwFAWVOlE9cxQgG+QA=="
    }
  }
}
